// !$*UTF8*$!
{
	archiveVersion = 1;
	classes = {
	};
	objectVersion = 56;
	objects = {

/* Begin PBXBuildFile section */
		CEA94ABA29C93CC100CC8B7A /* AppDelegate.swift in Sources */ = {isa = PBXBuildFile; fileRef = CEA94AB929C93CC100CC8B7A /* AppDelegate.swift */; };
		CEA94AC329C93CC400CC8B7A /* Assets.xcassets in Resources */ = {isa = PBXBuildFile; fileRef = CEA94AC229C93CC400CC8B7A /* Assets.xcassets */; };
		CEA94AC629C93CC400CC8B7A /* LaunchScreen.storyboard in Resources */ = {isa = PBXBuildFile; fileRef = CEA94AC429C93CC400CC8B7A /* LaunchScreen.storyboard */; };
		CEA94AD529C93D0A00CC8B7A /* HomeViewUI.swift in Sources */ = {isa = PBXBuildFile; fileRef = CEA94ACD29C93D0A00CC8B7A /* HomeViewUI.swift */; };
		CEA94AD629C93D0A00CC8B7A /* HomePresenter.swift in Sources */ = {isa = PBXBuildFile; fileRef = CEA94ACE29C93D0A00CC8B7A /* HomePresenter.swift */; };
		CEA94AD729C93D0A00CC8B7A /* HomeRouter.swift in Sources */ = {isa = PBXBuildFile; fileRef = CEA94ACF29C93D0A00CC8B7A /* HomeRouter.swift */; };
		CEA94AD829C93D0A00CC8B7A /* HomeProtocols.swift in Sources */ = {isa = PBXBuildFile; fileRef = CEA94AD029C93D0A00CC8B7A /* HomeProtocols.swift */; };
		CEA94AD929C93D0A00CC8B7A /* HomeMain.swift in Sources */ = {isa = PBXBuildFile; fileRef = CEA94AD129C93D0A00CC8B7A /* HomeMain.swift */; };
		CEA94ADA29C93D0A00CC8B7A /* HomeInteractor.swift in Sources */ = {isa = PBXBuildFile; fileRef = CEA94AD229C93D0A00CC8B7A /* HomeInteractor.swift */; };
		CEA94ADB29C93D0A00CC8B7A /* HomeView.swift in Sources */ = {isa = PBXBuildFile; fileRef = CEA94AD329C93D0A00CC8B7A /* HomeView.swift */; };
		CEA94ADC29C93D0A00CC8B7A /* HomeEntity.swift in Sources */ = {isa = PBXBuildFile; fileRef = CEA94AD429C93D0A00CC8B7A /* HomeEntity.swift */; };
		CEA94AF829C93F3200CC8B7A /* FirstViewViewUI.swift in Sources */ = {isa = PBXBuildFile; fileRef = CEA94AF029C93F3200CC8B7A /* FirstViewViewUI.swift */; };
		CEA94AF929C93F3200CC8B7A /* FirstViewPresenter.swift in Sources */ = {isa = PBXBuildFile; fileRef = CEA94AF129C93F3200CC8B7A /* FirstViewPresenter.swift */; };
		CEA94AFA29C93F3200CC8B7A /* FirstViewRouter.swift in Sources */ = {isa = PBXBuildFile; fileRef = CEA94AF229C93F3200CC8B7A /* FirstViewRouter.swift */; };
		CEA94AFB29C93F3200CC8B7A /* FirstViewProtocols.swift in Sources */ = {isa = PBXBuildFile; fileRef = CEA94AF329C93F3200CC8B7A /* FirstViewProtocols.swift */; };
		CEA94AFC29C93F3200CC8B7A /* FirstViewMain.swift in Sources */ = {isa = PBXBuildFile; fileRef = CEA94AF429C93F3200CC8B7A /* FirstViewMain.swift */; };
		CEA94AFD29C93F3200CC8B7A /* FirstViewInteractor.swift in Sources */ = {isa = PBXBuildFile; fileRef = CEA94AF529C93F3200CC8B7A /* FirstViewInteractor.swift */; };
		CEA94AFE29C93F3200CC8B7A /* FirstViewView.swift in Sources */ = {isa = PBXBuildFile; fileRef = CEA94AF629C93F3200CC8B7A /* FirstViewView.swift */; };
		CEA94AFF29C93F3200CC8B7A /* FirstViewEntity.swift in Sources */ = {isa = PBXBuildFile; fileRef = CEA94AF729C93F3200CC8B7A /* FirstViewEntity.swift */; };
		CEA94B0829C93F4700CC8B7A /* SecondViewViewUI.swift in Sources */ = {isa = PBXBuildFile; fileRef = CEA94B0029C93F4700CC8B7A /* SecondViewViewUI.swift */; };
		CEA94B0929C93F4700CC8B7A /* SecondViewPresenter.swift in Sources */ = {isa = PBXBuildFile; fileRef = CEA94B0129C93F4700CC8B7A /* SecondViewPresenter.swift */; };
		CEA94B0A29C93F4700CC8B7A /* SecondViewRouter.swift in Sources */ = {isa = PBXBuildFile; fileRef = CEA94B0229C93F4700CC8B7A /* SecondViewRouter.swift */; };
		CEA94B0B29C93F4700CC8B7A /* SecondViewProtocols.swift in Sources */ = {isa = PBXBuildFile; fileRef = CEA94B0329C93F4700CC8B7A /* SecondViewProtocols.swift */; };
		CEA94B0C29C93F4700CC8B7A /* SecondViewMain.swift in Sources */ = {isa = PBXBuildFile; fileRef = CEA94B0429C93F4700CC8B7A /* SecondViewMain.swift */; };
		CEA94B0D29C93F4700CC8B7A /* SecondViewInteractor.swift in Sources */ = {isa = PBXBuildFile; fileRef = CEA94B0529C93F4700CC8B7A /* SecondViewInteractor.swift */; };
		CEA94B0E29C93F4700CC8B7A /* SecondViewView.swift in Sources */ = {isa = PBXBuildFile; fileRef = CEA94B0629C93F4700CC8B7A /* SecondViewView.swift */; };
		CEA94B0F29C93F4700CC8B7A /* SecondViewEntity.swift in Sources */ = {isa = PBXBuildFile; fileRef = CEA94B0729C93F4700CC8B7A /* SecondViewEntity.swift */; };
		CEA94B1229C93FFA00CC8B7A /* custom_NavigationBar.swift in Sources */ = {isa = PBXBuildFile; fileRef = CEA94B1129C93FFA00CC8B7A /* custom_NavigationBar.swift */; };
		CEA94B1429C9401A00CC8B7A /* String+Extension.swift in Sources */ = {isa = PBXBuildFile; fileRef = CEA94B1329C9401A00CC8B7A /* String+Extension.swift */; };
		CEA94B1629C9405400CC8B7A /* booksCollectionCell.swift in Sources */ = {isa = PBXBuildFile; fileRef = CEA94B1529C9405400CC8B7A /* booksCollectionCell.swift */; };
/* End PBXBuildFile section */

/* Begin PBXFileReference section */
		CEA94AB629C93CC100CC8B7A /* examenProgramatically.app */ = {isa = PBXFileReference; explicitFileType = wrapper.application; includeInIndex = 0; path = examenProgramatically.app; sourceTree = BUILT_PRODUCTS_DIR; };
		CEA94AB929C93CC100CC8B7A /* AppDelegate.swift */ = {isa = PBXFileReference; lastKnownFileType = sourcecode.swift; path = AppDelegate.swift; sourceTree = "<group>"; };
		CEA94AC229C93CC400CC8B7A /* Assets.xcassets */ = {isa = PBXFileReference; lastKnownFileType = folder.assetcatalog; path = Assets.xcassets; sourceTree = "<group>"; };
		CEA94AC529C93CC400CC8B7A /* Base */ = {isa = PBXFileReference; lastKnownFileType = file.storyboard; name = Base; path = Base.lproj/LaunchScreen.storyboard; sourceTree = "<group>"; };
		CEA94AC729C93CC400CC8B7A /* Info.plist */ = {isa = PBXFileReference; lastKnownFileType = text.plist.xml; path = Info.plist; sourceTree = "<group>"; };
		CEA94ACD29C93D0A00CC8B7A /* HomeViewUI.swift */ = {isa = PBXFileReference; lastKnownFileType = sourcecode.swift; path = HomeViewUI.swift; sourceTree = "<group>"; };
		CEA94ACE29C93D0A00CC8B7A /* HomePresenter.swift */ = {isa = PBXFileReference; lastKnownFileType = sourcecode.swift; path = HomePresenter.swift; sourceTree = "<group>"; };
		CEA94ACF29C93D0A00CC8B7A /* HomeRouter.swift */ = {isa = PBXFileReference; lastKnownFileType = sourcecode.swift; path = HomeRouter.swift; sourceTree = "<group>"; };
		CEA94AD029C93D0A00CC8B7A /* HomeProtocols.swift */ = {isa = PBXFileReference; lastKnownFileType = sourcecode.swift; path = HomeProtocols.swift; sourceTree = "<group>"; };
		CEA94AD129C93D0A00CC8B7A /* HomeMain.swift */ = {isa = PBXFileReference; lastKnownFileType = sourcecode.swift; path = HomeMain.swift; sourceTree = "<group>"; };
		CEA94AD229C93D0A00CC8B7A /* HomeInteractor.swift */ = {isa = PBXFileReference; lastKnownFileType = sourcecode.swift; path = HomeInteractor.swift; sourceTree = "<group>"; };
		CEA94AD329C93D0A00CC8B7A /* HomeView.swift */ = {isa = PBXFileReference; lastKnownFileType = sourcecode.swift; path = HomeView.swift; sourceTree = "<group>"; };
		CEA94AD429C93D0A00CC8B7A /* HomeEntity.swift */ = {isa = PBXFileReference; lastKnownFileType = sourcecode.swift; path = HomeEntity.swift; sourceTree = "<group>"; };
		CEA94AF029C93F3200CC8B7A /* FirstViewViewUI.swift */ = {isa = PBXFileReference; lastKnownFileType = sourcecode.swift; path = FirstViewViewUI.swift; sourceTree = "<group>"; };
		CEA94AF129C93F3200CC8B7A /* FirstViewPresenter.swift */ = {isa = PBXFileReference; lastKnownFileType = sourcecode.swift; path = FirstViewPresenter.swift; sourceTree = "<group>"; };
		CEA94AF229C93F3200CC8B7A /* FirstViewRouter.swift */ = {isa = PBXFileReference; lastKnownFileType = sourcecode.swift; path = FirstViewRouter.swift; sourceTree = "<group>"; };
		CEA94AF329C93F3200CC8B7A /* FirstViewProtocols.swift */ = {isa = PBXFileReference; lastKnownFileType = sourcecode.swift; path = FirstViewProtocols.swift; sourceTree = "<group>"; };
		CEA94AF429C93F3200CC8B7A /* FirstViewMain.swift */ = {isa = PBXFileReference; lastKnownFileType = sourcecode.swift; path = FirstViewMain.swift; sourceTree = "<group>"; };
		CEA94AF529C93F3200CC8B7A /* FirstViewInteractor.swift */ = {isa = PBXFileReference; lastKnownFileType = sourcecode.swift; path = FirstViewInteractor.swift; sourceTree = "<group>"; };
		CEA94AF629C93F3200CC8B7A /* FirstViewView.swift */ = {isa = PBXFileReference; lastKnownFileType = sourcecode.swift; path = FirstViewView.swift; sourceTree = "<group>"; };
		CEA94AF729C93F3200CC8B7A /* FirstViewEntity.swift */ = {isa = PBXFileReference; lastKnownFileType = sourcecode.swift; path = FirstViewEntity.swift; sourceTree = "<group>"; };
		CEA94B0029C93F4700CC8B7A /* SecondViewViewUI.swift */ = {isa = PBXFileReference; lastKnownFileType = sourcecode.swift; path = SecondViewViewUI.swift; sourceTree = "<group>"; };
		CEA94B0129C93F4700CC8B7A /* SecondViewPresenter.swift */ = {isa = PBXFileReference; lastKnownFileType = sourcecode.swift; path = SecondViewPresenter.swift; sourceTree = "<group>"; };
		CEA94B0229C93F4700CC8B7A /* SecondViewRouter.swift */ = {isa = PBXFileReference; lastKnownFileType = sourcecode.swift; path = SecondViewRouter.swift; sourceTree = "<group>"; };
		CEA94B0329C93F4700CC8B7A /* SecondViewProtocols.swift */ = {isa = PBXFileReference; lastKnownFileType = sourcecode.swift; path = SecondViewProtocols.swift; sourceTree = "<group>"; };
		CEA94B0429C93F4700CC8B7A /* SecondViewMain.swift */ = {isa = PBXFileReference; lastKnownFileType = sourcecode.swift; path = SecondViewMain.swift; sourceTree = "<group>"; };
		CEA94B0529C93F4700CC8B7A /* SecondViewInteractor.swift */ = {isa = PBXFileReference; lastKnownFileType = sourcecode.swift; path = SecondViewInteractor.swift; sourceTree = "<group>"; };
		CEA94B0629C93F4700CC8B7A /* SecondViewView.swift */ = {isa = PBXFileReference; lastKnownFileType = sourcecode.swift; path = SecondViewView.swift; sourceTree = "<group>"; };
		CEA94B0729C93F4700CC8B7A /* SecondViewEntity.swift */ = {isa = PBXFileReference; lastKnownFileType = sourcecode.swift; path = SecondViewEntity.swift; sourceTree = "<group>"; };
		CEA94B1129C93FFA00CC8B7A /* custom_NavigationBar.swift */ = {isa = PBXFileReference; fileEncoding = 4; lastKnownFileType = sourcecode.swift; path = custom_NavigationBar.swift; sourceTree = "<group>"; };
		CEA94B1329C9401A00CC8B7A /* String+Extension.swift */ = {isa = PBXFileReference; lastKnownFileType = sourcecode.swift; path = "String+Extension.swift"; sourceTree = "<group>"; };
		CEA94B1529C9405400CC8B7A /* booksCollectionCell.swift */ = {isa = PBXFileReference; lastKnownFileType = sourcecode.swift; path = booksCollectionCell.swift; sourceTree = "<group>"; };
/* End PBXFileReference section */

/* Begin PBXFrameworksBuildPhase section */
		CEA94AB329C93CC100CC8B7A /* Frameworks */ = {
			isa = PBXFrameworksBuildPhase;
			buildActionMask = 2147483647;
			files = (
			);
			runOnlyForDeploymentPostprocessing = 0;
		};
/* End PBXFrameworksBuildPhase section */

/* Begin PBXGroup section */
		CEA94AAD29C93CC100CC8B7A = {
			isa = PBXGroup;
			children = (
				CEA94AB829C93CC100CC8B7A /* examenProgramatically */,
				CEA94AB729C93CC100CC8B7A /* Products */,
			);
			sourceTree = "<group>";
		};
		CEA94AB729C93CC100CC8B7A /* Products */ = {
			isa = PBXGroup;
			children = (
				CEA94AB629C93CC100CC8B7A /* examenProgramatically.app */,
			);
			name = Products;
			sourceTree = "<group>";
		};
		CEA94AB829C93CC100CC8B7A /* examenProgramatically */ = {
			isa = PBXGroup;
			children = (
				CEA94AEF29C93F2500CC8B7A /* FirstView */,
				CEA94ADE29C93F0B00CC8B7A /* SecondView */,
				CEA94ADD29C93D1000CC8B7A /* Home */,
				CEA94B1029C93FE000CC8B7A /* Components and Extensions */,
				CEA94AB929C93CC100CC8B7A /* AppDelegate.swift */,
				CEA94AC229C93CC400CC8B7A /* Assets.xcassets */,
				CEA94AC429C93CC400CC8B7A /* LaunchScreen.storyboard */,
				CEA94AC729C93CC400CC8B7A /* Info.plist */,
			);
			path = examenProgramatically;
			sourceTree = "<group>";
		};
		CEA94ADD29C93D1000CC8B7A /* Home */ = {
			isa = PBXGroup;
			children = (
				CEA94ACD29C93D0A00CC8B7A /* HomeViewUI.swift */,
				CEA94ACE29C93D0A00CC8B7A /* HomePresenter.swift */,
				CEA94ACF29C93D0A00CC8B7A /* HomeRouter.swift */,
				CEA94AD029C93D0A00CC8B7A /* HomeProtocols.swift */,
				CEA94AD129C93D0A00CC8B7A /* HomeMain.swift */,
				CEA94AD229C93D0A00CC8B7A /* HomeInteractor.swift */,
				CEA94AD329C93D0A00CC8B7A /* HomeView.swift */,
				CEA94AD429C93D0A00CC8B7A /* HomeEntity.swift */,
			);
			path = Home;
			sourceTree = "<group>";
		};
		CEA94ADE29C93F0B00CC8B7A /* SecondView */ = {
			isa = PBXGroup;
			children = (
				CEA94B0029C93F4700CC8B7A /* SecondViewViewUI.swift */,
				CEA94B0129C93F4700CC8B7A /* SecondViewPresenter.swift */,
				CEA94B0229C93F4700CC8B7A /* SecondViewRouter.swift */,
				CEA94B0329C93F4700CC8B7A /* SecondViewProtocols.swift */,
				CEA94B0429C93F4700CC8B7A /* SecondViewMain.swift */,
				CEA94B0529C93F4700CC8B7A /* SecondViewInteractor.swift */,
				CEA94B0629C93F4700CC8B7A /* SecondViewView.swift */,
				CEA94B0729C93F4700CC8B7A /* SecondViewEntity.swift */,
			);
			path = SecondView;
			sourceTree = "<group>";
		};
		CEA94AEF29C93F2500CC8B7A /* FirstView */ = {
			isa = PBXGroup;
			children = (
				CEA94AF029C93F3200CC8B7A /* FirstViewViewUI.swift */,
				CEA94AF129C93F3200CC8B7A /* FirstViewPresenter.swift */,
				CEA94AF229C93F3200CC8B7A /* FirstViewRouter.swift */,
				CEA94AF329C93F3200CC8B7A /* FirstViewProtocols.swift */,
				CEA94AF429C93F3200CC8B7A /* FirstViewMain.swift */,
				CEA94AF529C93F3200CC8B7A /* FirstViewInteractor.swift */,
				CEA94AF629C93F3200CC8B7A /* FirstViewView.swift */,
				CEA94AF729C93F3200CC8B7A /* FirstViewEntity.swift */,
			);
			path = FirstView;
			sourceTree = "<group>";
		};
		CEA94B1029C93FE000CC8B7A /* Components and Extensions */ = {
			isa = PBXGroup;
			children = (
				CEA94B1129C93FFA00CC8B7A /* custom_NavigationBar.swift */,
				CEA94B1329C9401A00CC8B7A /* String+Extension.swift */,
				CEA94B1529C9405400CC8B7A /* booksCollectionCell.swift */,
			);
			path = "Components and Extensions";
			sourceTree = "<group>";
		};
/* End PBXGroup section */

/* Begin PBXNativeTarget section */
		CEA94AB529C93CC100CC8B7A /* examenProgramatically */ = {
			isa = PBXNativeTarget;
			buildConfigurationList = CEA94ACA29C93CC400CC8B7A /* Build configuration list for PBXNativeTarget "examenProgramatically" */;
			buildPhases = (
				CEA94AB229C93CC100CC8B7A /* Sources */,
				CEA94AB329C93CC100CC8B7A /* Frameworks */,
				CEA94AB429C93CC100CC8B7A /* Resources */,
			);
			buildRules = (
			);
			dependencies = (
			);
			name = examenProgramatically;
			productName = examenProgramatically;
			productReference = CEA94AB629C93CC100CC8B7A /* examenProgramatically.app */;
			productType = "com.apple.product-type.application";
		};
/* End PBXNativeTarget section */

/* Begin PBXProject section */
		CEA94AAE29C93CC100CC8B7A /* Project object */ = {
			isa = PBXProject;
			attributes = {
				BuildIndependentTargetsInParallel = 1;
				LastSwiftUpdateCheck = 1420;
				LastUpgradeCheck = 1420;
				TargetAttributes = {
					CEA94AB529C93CC100CC8B7A = {
						CreatedOnToolsVersion = 14.2;
					};
				};
			};
			buildConfigurationList = CEA94AB129C93CC100CC8B7A /* Build configuration list for PBXProject "examenProgramatically" */;
			compatibilityVersion = "Xcode 14.0";
			developmentRegion = en;
			hasScannedForEncodings = 0;
			knownRegions = (
				en,
				Base,
			);
			mainGroup = CEA94AAD29C93CC100CC8B7A;
			productRefGroup = CEA94AB729C93CC100CC8B7A /* Products */;
			projectDirPath = "";
			projectRoot = "";
			targets = (
				CEA94AB529C93CC100CC8B7A /* examenProgramatically */,
			);
		};
/* End PBXProject section */

/* Begin PBXResourcesBuildPhase section */
		CEA94AB429C93CC100CC8B7A /* Resources */ = {
			isa = PBXResourcesBuildPhase;
			buildActionMask = 2147483647;
			files = (
				CEA94AC629C93CC400CC8B7A /* LaunchScreen.storyboard in Resources */,
				CEA94AC329C93CC400CC8B7A /* Assets.xcassets in Resources */,
			);
			runOnlyForDeploymentPostprocessing = 0;
		};
/* End PBXResourcesBuildPhase section */

/* Begin PBXSourcesBuildPhase section */
		CEA94AB229C93CC100CC8B7A /* Sources */ = {
			isa = PBXSourcesBuildPhase;
			buildActionMask = 2147483647;
			files = (
				CEA94B1229C93FFA00CC8B7A /* custom_NavigationBar.swift in Sources */,
				CEA94AD629C93D0A00CC8B7A /* HomePresenter.swift in Sources */,
				CEA94B0A29C93F4700CC8B7A /* SecondViewRouter.swift in Sources */,
				CEA94B0829C93F4700CC8B7A /* SecondViewViewUI.swift in Sources */,
				CEA94AD929C93D0A00CC8B7A /* HomeMain.swift in Sources */,
				CEA94AD829C93D0A00CC8B7A /* HomeProtocols.swift in Sources */,
				CEA94AF829C93F3200CC8B7A /* FirstViewViewUI.swift in Sources */,
				CEA94AFC29C93F3200CC8B7A /* FirstViewMain.swift in Sources */,
				CEA94AD729C93D0A00CC8B7A /* HomeRouter.swift in Sources */,
				CEA94AFF29C93F3200CC8B7A /* FirstViewEntity.swift in Sources */,
				CEA94B1629C9405400CC8B7A /* booksCollectionCell.swift in Sources */,
				CEA94B0E29C93F4700CC8B7A /* SecondViewView.swift in Sources */,
				CEA94B0C29C93F4700CC8B7A /* SecondViewMain.swift in Sources */,
				CEA94AFE29C93F3200CC8B7A /* FirstViewView.swift in Sources */,
				CEA94B0929C93F4700CC8B7A /* SecondViewPresenter.swift in Sources */,
				CEA94ABA29C93CC100CC8B7A /* AppDelegate.swift in Sources */,
				CEA94B0B29C93F4700CC8B7A /* SecondViewProtocols.swift in Sources */,
				CEA94ADB29C93D0A00CC8B7A /* HomeView.swift in Sources */,
				CEA94AFD29C93F3200CC8B7A /* FirstViewInteractor.swift in Sources */,
				CEA94AD529C93D0A00CC8B7A /* HomeViewUI.swift in Sources */,
				CEA94B1429C9401A00CC8B7A /* String+Extension.swift in Sources */,
				CEA94B0D29C93F4700CC8B7A /* SecondViewInteractor.swift in Sources */,
				CEA94B0F29C93F4700CC8B7A /* SecondViewEntity.swift in Sources */,
				CEA94AFB29C93F3200CC8B7A /* FirstViewProtocols.swift in Sources */,
				CEA94AFA29C93F3200CC8B7A /* FirstViewRouter.swift in Sources */,
				CEA94ADC29C93D0A00CC8B7A /* HomeEntity.swift in Sources */,
				CEA94ADA29C93D0A00CC8B7A /* HomeInteractor.swift in Sources */,
				CEA94AF929C93F3200CC8B7A /* FirstViewPresenter.swift in Sources */,
			);
			runOnlyForDeploymentPostprocessing = 0;
		};
/* End PBXSourcesBuildPhase section */

/* Begin PBXVariantGroup section */
		CEA94AC429C93CC400CC8B7A /* LaunchScreen.storyboard */ = {
			isa = PBXVariantGroup;
			children = (
				CEA94AC529C93CC400CC8B7A /* Base */,
			);
			name = LaunchScreen.storyboard;
			sourceTree = "<group>";
		};
/* End PBXVariantGroup section */

/* Begin XCBuildConfiguration section */
		CEA94AC829C93CC400CC8B7A /* Debug */ = {
			isa = XCBuildConfiguration;
			buildSettings = {
				ALWAYS_SEARCH_USER_PATHS = NO;
				CLANG_ANALYZER_NONNULL = YES;
				CLANG_ANALYZER_NUMBER_OBJECT_CONVERSION = YES_AGGRESSIVE;
				CLANG_CXX_LANGUAGE_STANDARD = "gnu++20";
				CLANG_ENABLE_MODULES = YES;
				CLANG_ENABLE_OBJC_ARC = YES;
				CLANG_ENABLE_OBJC_WEAK = YES;
				CLANG_WARN_BLOCK_CAPTURE_AUTORELEASING = YES;
				CLANG_WARN_BOOL_CONVERSION = YES;
				CLANG_WARN_COMMA = YES;
				CLANG_WARN_CONSTANT_CONVERSION = YES;
				CLANG_WARN_DEPRECATED_OBJC_IMPLEMENTATIONS = YES;
				CLANG_WARN_DIRECT_OBJC_ISA_USAGE = YES_ERROR;
				CLANG_WARN_DOCUMENTATION_COMMENTS = YES;
				CLANG_WARN_EMPTY_BODY = YES;
				CLANG_WARN_ENUM_CONVERSION = YES;
				CLANG_WARN_INFINITE_RECURSION = YES;
				CLANG_WARN_INT_CONVERSION = YES;
				CLANG_WARN_NON_LITERAL_NULL_CONVERSION = YES;
				CLANG_WARN_OBJC_IMPLICIT_RETAIN_SELF = YES;
				CLANG_WARN_OBJC_LITERAL_CONVERSION = YES;
				CLANG_WARN_OBJC_ROOT_CLASS = YES_ERROR;
				CLANG_WARN_QUOTED_INCLUDE_IN_FRAMEWORK_HEADER = YES;
				CLANG_WARN_RANGE_LOOP_ANALYSIS = YES;
				CLANG_WARN_STRICT_PROTOTYPES = YES;
				CLANG_WARN_SUSPICIOUS_MOVE = YES;
				CLANG_WARN_UNGUARDED_AVAILABILITY = YES_AGGRESSIVE;
				CLANG_WARN_UNREACHABLE_CODE = YES;
				CLANG_WARN__DUPLICATE_METHOD_MATCH = YES;
				COPY_PHASE_STRIP = NO;
				DEBUG_INFORMATION_FORMAT = dwarf;
				ENABLE_STRICT_OBJC_MSGSEND = YES;
				ENABLE_TESTABILITY = YES;
				GCC_C_LANGUAGE_STANDARD = gnu11;
				GCC_DYNAMIC_NO_PIC = NO;
				GCC_NO_COMMON_BLOCKS = YES;
				GCC_OPTIMIZATION_LEVEL = 0;
				GCC_PREPROCESSOR_DEFINITIONS = (
					"DEBUG=1",
					"$(inherited)",
				);
				GCC_WARN_64_TO_32_BIT_CONVERSION = YES;
				GCC_WARN_ABOUT_RETURN_TYPE = YES_ERROR;
				GCC_WARN_UNDECLARED_SELECTOR = YES;
				GCC_WARN_UNINITIALIZED_AUTOS = YES_AGGRESSIVE;
				GCC_WARN_UNUSED_FUNCTION = YES;
				GCC_WARN_UNUSED_VARIABLE = YES;
				IPHONEOS_DEPLOYMENT_TARGET = 16.2;
				MTL_ENABLE_DEBUG_INFO = INCLUDE_SOURCE;
				MTL_FAST_MATH = YES;
				ONLY_ACTIVE_ARCH = YES;
				SDKROOT = iphoneos;
				SWIFT_ACTIVE_COMPILATION_CONDITIONS = DEBUG;
				SWIFT_OPTIMIZATION_LEVEL = "-Onone";
			};
			name = Debug;
		};
		CEA94AC929C93CC400CC8B7A /* Release */ = {
			isa = XCBuildConfiguration;
			buildSettings = {
				ALWAYS_SEARCH_USER_PATHS = NO;
				CLANG_ANALYZER_NONNULL = YES;
				CLANG_ANALYZER_NUMBER_OBJECT_CONVERSION = YES_AGGRESSIVE;
				CLANG_CXX_LANGUAGE_STANDARD = "gnu++20";
				CLANG_ENABLE_MODULES = YES;
				CLANG_ENABLE_OBJC_ARC = YES;
				CLANG_ENABLE_OBJC_WEAK = YES;
				CLANG_WARN_BLOCK_CAPTURE_AUTORELEASING = YES;
				CLANG_WARN_BOOL_CONVERSION = YES;
				CLANG_WARN_COMMA = YES;
				CLANG_WARN_CONSTANT_CONVERSION = YES;
				CLANG_WARN_DEPRECATED_OBJC_IMPLEMENTATIONS = YES;
				CLANG_WARN_DIRECT_OBJC_ISA_USAGE = YES_ERROR;
				CLANG_WARN_DOCUMENTATION_COMMENTS = YES;
				CLANG_WARN_EMPTY_BODY = YES;
				CLANG_WARN_ENUM_CONVERSION = YES;
				CLANG_WARN_INFINITE_RECURSION = YES;
				CLANG_WARN_INT_CONVERSION = YES;
				CLANG_WARN_NON_LITERAL_NULL_CONVERSION = YES;
				CLANG_WARN_OBJC_IMPLICIT_RETAIN_SELF = YES;
				CLANG_WARN_OBJC_LITERAL_CONVERSION = YES;
				CLANG_WARN_OBJC_ROOT_CLASS = YES_ERROR;
				CLANG_WARN_QUOTED_INCLUDE_IN_FRAMEWORK_HEADER = YES;
				CLANG_WARN_RANGE_LOOP_ANALYSIS = YES;
				CLANG_WARN_STRICT_PROTOTYPES = YES;
				CLANG_WARN_SUSPICIOUS_MOVE = YES;
				CLANG_WARN_UNGUARDED_AVAILABILITY = YES_AGGRESSIVE;
				CLANG_WARN_UNREACHABLE_CODE = YES;
				CLANG_WARN__DUPLICATE_METHOD_MATCH = YES;
				COPY_PHASE_STRIP = NO;
				DEBUG_INFORMATION_FORMAT = "dwarf-with-dsym";
				ENABLE_NS_ASSERTIONS = NO;
				ENABLE_STRICT_OBJC_MSGSEND = YES;
				GCC_C_LANGUAGE_STANDARD = gnu11;
				GCC_NO_COMMON_BLOCKS = YES;
				GCC_WARN_64_TO_32_BIT_CONVERSION = YES;
				GCC_WARN_ABOUT_RETURN_TYPE = YES_ERROR;
				GCC_WARN_UNDECLARED_SELECTOR = YES;
				GCC_WARN_UNINITIALIZED_AUTOS = YES_AGGRESSIVE;
				GCC_WARN_UNUSED_FUNCTION = YES;
				GCC_WARN_UNUSED_VARIABLE = YES;
				IPHONEOS_DEPLOYMENT_TARGET = 16.2;
				MTL_ENABLE_DEBUG_INFO = NO;
				MTL_FAST_MATH = YES;
				SDKROOT = iphoneos;
				SWIFT_COMPILATION_MODE = wholemodule;
				SWIFT_OPTIMIZATION_LEVEL = "-O";
				VALIDATE_PRODUCT = YES;
			};
			name = Release;
		};
		CEA94ACB29C93CC400CC8B7A /* Debug */ = {
			isa = XCBuildConfiguration;
			buildSettings = {
				ASSETCATALOG_COMPILER_APPICON_NAME = AppIcon;
				ASSETCATALOG_COMPILER_GLOBAL_ACCENT_COLOR_NAME = AccentColor;
				CODE_SIGN_STYLE = Automatic;
				CURRENT_PROJECT_VERSION = 1;
				DEVELOPMENT_TEAM = 2RHXBRCF87;
				GENERATE_INFOPLIST_FILE = YES;
				INFOPLIST_FILE = examenProgramatically/Info.plist;
				INFOPLIST_KEY_UIApplicationSupportsIndirectInputEvents = YES;
				INFOPLIST_KEY_UILaunchStoryboardName = LaunchScreen;
				INFOPLIST_KEY_UIMainStoryboardFile = "";
				INFOPLIST_KEY_UISupportedInterfaceOrientations_iPad = "UIInterfaceOrientationPortrait UIInterfaceOrientationPortraitUpsideDown UIInterfaceOrientationLandscapeLeft UIInterfaceOrientationLandscapeRight";
				INFOPLIST_KEY_UISupportedInterfaceOrientations_iPhone = "UIInterfaceOrientationPortrait UIInterfaceOrientationLandscapeLeft UIInterfaceOrientationLandscapeRight";
				LD_RUNPATH_SEARCH_PATHS = (
					"$(inherited)",
					"@executable_path/Frameworks",
				);
				MARKETING_VERSION = 1.0;
				PRODUCT_BUNDLE_IDENTIFIER = com.Adrian.examenProgramatically;
				PRODUCT_NAME = "$(TARGET_NAME)";
				SWIFT_EMIT_LOC_STRINGS = YES;
				SWIFT_VERSION = 5.0;
				TARGETED_DEVICE_FAMILY = "1,2";
			};
			name = Debug;
		};
		CEA94ACC29C93CC400CC8B7A /* Release */ = {
			isa = XCBuildConfiguration;
			buildSettings = {
				ASSETCATALOG_COMPILER_APPICON_NAME = AppIcon;
				ASSETCATALOG_COMPILER_GLOBAL_ACCENT_COLOR_NAME = AccentColor;
				CODE_SIGN_STYLE = Automatic;
				CURRENT_PROJECT_VERSION = 1;
				DEVELOPMENT_TEAM = 2RHXBRCF87;
				GENERATE_INFOPLIST_FILE = YES;
				INFOPLIST_FILE = examenProgramatically/Info.plist;
				INFOPLIST_KEY_UIApplicationSupportsIndirectInputEvents = YES;
				INFOPLIST_KEY_UILaunchStoryboardName = LaunchScreen;
				INFOPLIST_KEY_UIMainStoryboardFile = "";
				INFOPLIST_KEY_UISupportedInterfaceOrientations_iPad = "UIInterfaceOrientationPortrait UIInterfaceOrientationPortraitUpsideDown UIInterfaceOrientationLandscapeLeft UIInterfaceOrientationLandscapeRight";
				INFOPLIST_KEY_UISupportedInterfaceOrientations_iPhone = "UIInterfaceOrientationPortrait UIInterfaceOrientationLandscapeLeft UIInterfaceOrientationLandscapeRight";
				LD_RUNPATH_SEARCH_PATHS = (
					"$(inherited)",
					"@executable_path/Frameworks",
				);
				MARKETING_VERSION = 1.0;
				PRODUCT_BUNDLE_IDENTIFIER = com.Adrian.examenProgramatically;
				PRODUCT_NAME = "$(TARGET_NAME)";
				SWIFT_EMIT_LOC_STRINGS = YES;
				SWIFT_VERSION = 5.0;
				TARGETED_DEVICE_FAMILY = "1,2";
			};
			name = Release;
		};
/* End XCBuildConfiguration section */

/* Begin XCConfigurationList section */
		CEA94AB129C93CC100CC8B7A /* Build configuration list for PBXProject "examenProgramatically" */ = {
			isa = XCConfigurationList;
			buildConfigurations = (
				CEA94AC829C93CC400CC8B7A /* Debug */,
				CEA94AC929C93CC400CC8B7A /* Release */,
			);
			defaultConfigurationIsVisible = 0;
			defaultConfigurationName = Release;
		};
		CEA94ACA29C93CC400CC8B7A /* Build configuration list for PBXNativeTarget "examenProgramatically" */ = {
			isa = XCConfigurationList;
			buildConfigurations = (
				CEA94ACB29C93CC400CC8B7A /* Debug */,
				CEA94ACC29C93CC400CC8B7A /* Release */,
			);
			defaultConfigurationIsVisible = 0;
			defaultConfigurationName = Release;
		};
/* End XCConfigurationList section */
	};
	rootObject = CEA94AAE29C93CC100CC8B7A /* Project object */;
}
